// !$*UTF8*$!
{
	archiveVersion = 1;
	classes = {
	};
	objectVersion = 51;
	objects = {

/* Begin PBXBuildFile section */
		0C5227FC08C13445F48A077C /* Pods_Todo_TodoUITests.framework in Frameworks */ = {isa = PBXBuildFile; fileRef = E206A43B27F3091471733D81 /* Pods_Todo_TodoUITests.framework */; };
		1B513C7A25DEC9480062DE56 /* TodoApp.swift in Sources */ = {isa = PBXBuildFile; fileRef = 1B513C7925DEC9480062DE56 /* TodoApp.swift */; };
		1B513C7C25DEC9480062DE56 /* ContentView.swift in Sources */ = {isa = PBXBuildFile; fileRef = 1B513C7B25DEC9480062DE56 /* ContentView.swift */; };
		1B513C7E25DEC94B0062DE56 /* Assets.xcassets in Resources */ = {isa = PBXBuildFile; fileRef = 1B513C7D25DEC94B0062DE56 /* Assets.xcassets */; };
		1B513C8125DEC94B0062DE56 /* Preview Assets.xcassets in Resources */ = {isa = PBXBuildFile; fileRef = 1B513C8025DEC94B0062DE56 /* Preview Assets.xcassets */; };
		1B513C8C25DEC94B0062DE56 /* TodoTests.swift in Sources */ = {isa = PBXBuildFile; fileRef = 1B513C8B25DEC94B0062DE56 /* TodoTests.swift */; };
		1B513C9725DEC94B0062DE56 /* TodoUITests.swift in Sources */ = {isa = PBXBuildFile; fileRef = 1B513C9625DEC94B0062DE56 /* TodoUITests.swift */; };
		1B513CA825DEC9600062DE56 /* GoogleService-Info.plist in Resources */ = {isa = PBXBuildFile; fileRef = 1B513CA725DEC9600062DE56 /* GoogleService-Info.plist */; };
		1B901ABD25E1991B00485F5E /* CustomTextField.swift in Sources */ = {isa = PBXBuildFile; fileRef = 1B901ABC25E1991B00485F5E /* CustomTextField.swift */; };
		1BEAA11B25DED1F8001D33DA /* AppleSignIn.swift in Sources */ = {isa = PBXBuildFile; fileRef = 1BEAA11A25DED1F8001D33DA /* AppleSignIn.swift */; };
		1BEAA19725DF7889001D33DA /* EmailPasswordSignIn.swift in Sources */ = {isa = PBXBuildFile; fileRef = 1BEAA19625DF7889001D33DA /* EmailPasswordSignIn.swift */; };
		1BEAA19D25DF7C6A001D33DA /* Home.swift in Sources */ = {isa = PBXBuildFile; fileRef = 1BEAA19C25DF7C6A001D33DA /* Home.swift */; };
		1BFF710C25E1770700AACD8B /* Models.swift in Sources */ = {isa = PBXBuildFile; fileRef = 1BFF710B25E1770700AACD8B /* Models.swift */; };
		D29D23707BDBE0BFF2601DB3 /* Pods_Todo.framework in Frameworks */ = {isa = PBXBuildFile; fileRef = 60FCA945D56AB197A4914867 /* Pods_Todo.framework */; };
		DB5F82872690D2E2E8B57660 /* Pods_TodoTests.framework in Frameworks */ = {isa = PBXBuildFile; fileRef = 6CD8622E22D8BFC87AF98446 /* Pods_TodoTests.framework */; };
/* End PBXBuildFile section */

/* Begin PBXContainerItemProxy section */
		1B513C8825DEC94B0062DE56 /* PBXContainerItemProxy */ = {
			isa = PBXContainerItemProxy;
			containerPortal = 1B513C6E25DEC9480062DE56 /* Project object */;
			proxyType = 1;
			remoteGlobalIDString = 1B513C7525DEC9480062DE56;
			remoteInfo = Todo;
		};
		1B513C9325DEC94B0062DE56 /* PBXContainerItemProxy */ = {
			isa = PBXContainerItemProxy;
			containerPortal = 1B513C6E25DEC9480062DE56 /* Project object */;
			proxyType = 1;
			remoteGlobalIDString = 1B513C7525DEC9480062DE56;
			remoteInfo = Todo;
		};
/* End PBXContainerItemProxy section */

/* Begin PBXFileReference section */
		1B513C7625DEC9480062DE56 /* Todo.app */ = {isa = PBXFileReference; explicitFileType = wrapper.application; includeInIndex = 0; path = Todo.app; sourceTree = BUILT_PRODUCTS_DIR; };
		1B513C7925DEC9480062DE56 /* TodoApp.swift */ = {isa = PBXFileReference; lastKnownFileType = sourcecode.swift; path = TodoApp.swift; sourceTree = "<group>"; };
		1B513C7B25DEC9480062DE56 /* ContentView.swift */ = {isa = PBXFileReference; lastKnownFileType = sourcecode.swift; path = ContentView.swift; sourceTree = "<group>"; };
		1B513C7D25DEC94B0062DE56 /* Assets.xcassets */ = {isa = PBXFileReference; lastKnownFileType = folder.assetcatalog; path = Assets.xcassets; sourceTree = "<group>"; };
		1B513C8025DEC94B0062DE56 /* Preview Assets.xcassets */ = {isa = PBXFileReference; lastKnownFileType = folder.assetcatalog; path = "Preview Assets.xcassets"; sourceTree = "<group>"; };
		1B513C8225DEC94B0062DE56 /* Info.plist */ = {isa = PBXFileReference; lastKnownFileType = text.plist.xml; path = Info.plist; sourceTree = "<group>"; };
		1B513C8725DEC94B0062DE56 /* TodoTests.xctest */ = {isa = PBXFileReference; explicitFileType = wrapper.cfbundle; includeInIndex = 0; path = TodoTests.xctest; sourceTree = BUILT_PRODUCTS_DIR; };
		1B513C8B25DEC94B0062DE56 /* TodoTests.swift */ = {isa = PBXFileReference; lastKnownFileType = sourcecode.swift; path = TodoTests.swift; sourceTree = "<group>"; };
		1B513C8D25DEC94B0062DE56 /* Info.plist */ = {isa = PBXFileReference; lastKnownFileType = text.plist.xml; path = Info.plist; sourceTree = "<group>"; };
		1B513C9225DEC94B0062DE56 /* TodoUITests.xctest */ = {isa = PBXFileReference; explicitFileType = wrapper.cfbundle; includeInIndex = 0; path = TodoUITests.xctest; sourceTree = BUILT_PRODUCTS_DIR; };
		1B513C9625DEC94B0062DE56 /* TodoUITests.swift */ = {isa = PBXFileReference; lastKnownFileType = sourcecode.swift; path = TodoUITests.swift; sourceTree = "<group>"; };
		1B513C9825DEC94B0062DE56 /* Info.plist */ = {isa = PBXFileReference; lastKnownFileType = text.plist.xml; path = Info.plist; sourceTree = "<group>"; };
		1B513CA725DEC9600062DE56 /* GoogleService-Info.plist */ = {isa = PBXFileReference; fileEncoding = 4; lastKnownFileType = text.plist.xml; name = "GoogleService-Info.plist"; path = "../../../../../../Downloads/GoogleService-Info.plist"; sourceTree = "<group>"; };
		1B513CC825DECAF40062DE56 /* Todo.entitlements */ = {isa = PBXFileReference; lastKnownFileType = text.plist.entitlements; path = Todo.entitlements; sourceTree = "<group>"; };
		1B901ABC25E1991B00485F5E /* CustomTextField.swift */ = {isa = PBXFileReference; lastKnownFileType = sourcecode.swift; path = CustomTextField.swift; sourceTree = "<group>"; };
		1BEAA11A25DED1F8001D33DA /* AppleSignIn.swift */ = {isa = PBXFileReference; lastKnownFileType = sourcecode.swift; path = AppleSignIn.swift; sourceTree = "<group>"; };
		1BEAA19625DF7889001D33DA /* EmailPasswordSignIn.swift */ = {isa = PBXFileReference; lastKnownFileType = sourcecode.swift; path = EmailPasswordSignIn.swift; sourceTree = "<group>"; };
		1BEAA19C25DF7C6A001D33DA /* Home.swift */ = {isa = PBXFileReference; lastKnownFileType = sourcecode.swift; path = Home.swift; sourceTree = "<group>"; };
		1BFF710B25E1770700AACD8B /* Models.swift */ = {isa = PBXFileReference; lastKnownFileType = sourcecode.swift; path = Models.swift; sourceTree = "<group>"; };
		229C55A92F256F0ECFEEF962 /* Pods-Todo.debug.xcconfig */ = {isa = PBXFileReference; includeInIndex = 1; lastKnownFileType = text.xcconfig; name = "Pods-Todo.debug.xcconfig"; path = "Target Support Files/Pods-Todo/Pods-Todo.debug.xcconfig"; sourceTree = "<group>"; };
		4F2D8E22AD684AF836CD8249 /* Pods-TodoTests.debug.xcconfig */ = {isa = PBXFileReference; includeInIndex = 1; lastKnownFileType = text.xcconfig; name = "Pods-TodoTests.debug.xcconfig"; path = "Target Support Files/Pods-TodoTests/Pods-TodoTests.debug.xcconfig"; sourceTree = "<group>"; };
		60FCA945D56AB197A4914867 /* Pods_Todo.framework */ = {isa = PBXFileReference; explicitFileType = wrapper.framework; includeInIndex = 0; path = Pods_Todo.framework; sourceTree = BUILT_PRODUCTS_DIR; };
		66EC09C72F3202BFF820BFE7 /* Pods-Todo-TodoUITests.debug.xcconfig */ = {isa = PBXFileReference; includeInIndex = 1; lastKnownFileType = text.xcconfig; name = "Pods-Todo-TodoUITests.debug.xcconfig"; path = "Target Support Files/Pods-Todo-TodoUITests/Pods-Todo-TodoUITests.debug.xcconfig"; sourceTree = "<group>"; };
		6CD8622E22D8BFC87AF98446 /* Pods_TodoTests.framework */ = {isa = PBXFileReference; explicitFileType = wrapper.framework; includeInIndex = 0; path = Pods_TodoTests.framework; sourceTree = BUILT_PRODUCTS_DIR; };
		833484586E647B7CD2844DB1 /* Pods-Todo.release.xcconfig */ = {isa = PBXFileReference; includeInIndex = 1; lastKnownFileType = text.xcconfig; name = "Pods-Todo.release.xcconfig"; path = "Target Support Files/Pods-Todo/Pods-Todo.release.xcconfig"; sourceTree = "<group>"; };
		AA138EA0F41DCC818120E047 /* Pods-TodoTests.release.xcconfig */ = {isa = PBXFileReference; includeInIndex = 1; lastKnownFileType = text.xcconfig; name = "Pods-TodoTests.release.xcconfig"; path = "Target Support Files/Pods-TodoTests/Pods-TodoTests.release.xcconfig"; sourceTree = "<group>"; };
		E206A43B27F3091471733D81 /* Pods_Todo_TodoUITests.framework */ = {isa = PBXFileReference; explicitFileType = wrapper.framework; includeInIndex = 0; path = Pods_Todo_TodoUITests.framework; sourceTree = BUILT_PRODUCTS_DIR; };
		F0CA6D4D9A1DD825002628A1 /* Pods-Todo-TodoUITests.release.xcconfig */ = {isa = PBXFileReference; includeInIndex = 1; lastKnownFileType = text.xcconfig; name = "Pods-Todo-TodoUITests.release.xcconfig"; path = "Target Support Files/Pods-Todo-TodoUITests/Pods-Todo-TodoUITests.release.xcconfig"; sourceTree = "<group>"; };
/* End PBXFileReference section */

/* Begin PBXFrameworksBuildPhase section */
		1B513C7325DEC9480062DE56 /* Frameworks */ = {
			isa = PBXFrameworksBuildPhase;
			buildActionMask = 2147483647;
			files = (
				D29D23707BDBE0BFF2601DB3 /* Pods_Todo.framework in Frameworks */,
			);
			runOnlyForDeploymentPostprocessing = 0;
		};
		1B513C8425DEC94B0062DE56 /* Frameworks */ = {
			isa = PBXFrameworksBuildPhase;
			buildActionMask = 2147483647;
			files = (
				DB5F82872690D2E2E8B57660 /* Pods_TodoTests.framework in Frameworks */,
			);
			runOnlyForDeploymentPostprocessing = 0;
		};
		1B513C8F25DEC94B0062DE56 /* Frameworks */ = {
			isa = PBXFrameworksBuildPhase;
			buildActionMask = 2147483647;
			files = (
				0C5227FC08C13445F48A077C /* Pods_Todo_TodoUITests.framework in Frameworks */,
			);
			runOnlyForDeploymentPostprocessing = 0;
		};
/* End PBXFrameworksBuildPhase section */

/* Begin PBXGroup section */
		1B513C6D25DEC9480062DE56 = {
			isa = PBXGroup;
			children = (
				1B513C7825DEC9480062DE56 /* Todo */,
				1B513C8A25DEC94B0062DE56 /* TodoTests */,
				1B513C9525DEC94B0062DE56 /* TodoUITests */,
				1B513C7725DEC9480062DE56 /* Products */,
				BD7241E838F99C27A6E7E236 /* Pods */,
				4AE66C514A7C6DAA76DDB029 /* Frameworks */,
			);
			sourceTree = "<group>";
		};
		1B513C7725DEC9480062DE56 /* Products */ = {
			isa = PBXGroup;
			children = (
				1B513C7625DEC9480062DE56 /* Todo.app */,
				1B513C8725DEC94B0062DE56 /* TodoTests.xctest */,
				1B513C9225DEC94B0062DE56 /* TodoUITests.xctest */,
			);
			name = Products;
			sourceTree = "<group>";
		};
		1B513C7825DEC9480062DE56 /* Todo */ = {
			isa = PBXGroup;
			children = (
				1B901ABB25E1991200485F5E /* Utils */,
				1BFF710A25E176FC00AACD8B /* Model */,
				1BEAA19B25DF7C5D001D33DA /* Home */,
				1BEAA11925DED1EB001D33DA /* Auth */,
				1B513CC825DECAF40062DE56 /* Todo.entitlements */,
				1B513C7925DEC9480062DE56 /* TodoApp.swift */,
				1B513C7B25DEC9480062DE56 /* ContentView.swift */,
				1B513C7D25DEC94B0062DE56 /* Assets.xcassets */,
				1B513C8225DEC94B0062DE56 /* Info.plist */,
				1B513CA725DEC9600062DE56 /* GoogleService-Info.plist */,
				1B513C7F25DEC94B0062DE56 /* Preview Content */,
			);
			path = Todo;
			sourceTree = "<group>";
		};
		1B513C7F25DEC94B0062DE56 /* Preview Content */ = {
			isa = PBXGroup;
			children = (
				1B513C8025DEC94B0062DE56 /* Preview Assets.xcassets */,
			);
			path = "Preview Content";
			sourceTree = "<group>";
		};
		1B513C8A25DEC94B0062DE56 /* TodoTests */ = {
			isa = PBXGroup;
			children = (
				1B513C8B25DEC94B0062DE56 /* TodoTests.swift */,
				1B513C8D25DEC94B0062DE56 /* Info.plist */,
			);
			path = TodoTests;
			sourceTree = "<group>";
		};
		1B513C9525DEC94B0062DE56 /* TodoUITests */ = {
			isa = PBXGroup;
			children = (
				1B513C9625DEC94B0062DE56 /* TodoUITests.swift */,
				1B513C9825DEC94B0062DE56 /* Info.plist */,
			);
			path = TodoUITests;
			sourceTree = "<group>";
		};
		1B901ABB25E1991200485F5E /* Utils */ = {
			isa = PBXGroup;
			children = (
				1B901ABC25E1991B00485F5E /* CustomTextField.swift */,
			);
			path = Utils;
			sourceTree = "<group>";
		};
		1BEAA11925DED1EB001D33DA /* Auth */ = {
			isa = PBXGroup;
			children = (
				1BEAA11A25DED1F8001D33DA /* AppleSignIn.swift */,
				1BEAA19625DF7889001D33DA /* EmailPasswordSignIn.swift */,
			);
			path = Auth;
			sourceTree = "<group>";
		};
		1BEAA19B25DF7C5D001D33DA /* Home */ = {
			isa = PBXGroup;
			children = (
				1BEAA19C25DF7C6A001D33DA /* Home.swift */,
			);
			path = Home;
			sourceTree = "<group>";
		};
		1BFF710A25E176FC00AACD8B /* Model */ = {
			isa = PBXGroup;
			children = (
				1BFF710B25E1770700AACD8B /* Models.swift */,
			);
			path = Model;
			sourceTree = "<group>";
		};
		4AE66C514A7C6DAA76DDB029 /* Frameworks */ = {
			isa = PBXGroup;
			children = (
				60FCA945D56AB197A4914867 /* Pods_Todo.framework */,
				E206A43B27F3091471733D81 /* Pods_Todo_TodoUITests.framework */,
				6CD8622E22D8BFC87AF98446 /* Pods_TodoTests.framework */,
			);
			name = Frameworks;
			sourceTree = "<group>";
		};
		BD7241E838F99C27A6E7E236 /* Pods */ = {
			isa = PBXGroup;
			children = (
				229C55A92F256F0ECFEEF962 /* Pods-Todo.debug.xcconfig */,
				833484586E647B7CD2844DB1 /* Pods-Todo.release.xcconfig */,
				66EC09C72F3202BFF820BFE7 /* Pods-Todo-TodoUITests.debug.xcconfig */,
				F0CA6D4D9A1DD825002628A1 /* Pods-Todo-TodoUITests.release.xcconfig */,
				4F2D8E22AD684AF836CD8249 /* Pods-TodoTests.debug.xcconfig */,
				AA138EA0F41DCC818120E047 /* Pods-TodoTests.release.xcconfig */,
			);
			path = Pods;
			sourceTree = "<group>";
		};
/* End PBXGroup section */

/* Begin PBXNativeTarget section */
		1B513C7525DEC9480062DE56 /* Todo */ = {
			isa = PBXNativeTarget;
			buildConfigurationList = 1B513C9B25DEC94B0062DE56 /* Build configuration list for PBXNativeTarget "Todo" */;
			buildPhases = (
				C44088212C26DAB675AC8757 /* [CP] Check Pods Manifest.lock */,
				1B513C7225DEC9480062DE56 /* Sources */,
				1B513C7325DEC9480062DE56 /* Frameworks */,
				1B513C7425DEC9480062DE56 /* Resources */,
				30C90D0DD3198B1649842F83 /* [CP] Embed Pods Frameworks */,
			);
			buildRules = (
			);
			dependencies = (
			);
			name = Todo;
			productName = Todo;
			productReference = 1B513C7625DEC9480062DE56 /* Todo.app */;
			productType = "com.apple.product-type.application";
		};
		1B513C8625DEC94B0062DE56 /* TodoTests */ = {
			isa = PBXNativeTarget;
			buildConfigurationList = 1B513C9E25DEC94B0062DE56 /* Build configuration list for PBXNativeTarget "TodoTests" */;
			buildPhases = (
				522708B46E98D94CC1291C49 /* [CP] Check Pods Manifest.lock */,
				1B513C8325DEC94B0062DE56 /* Sources */,
				1B513C8425DEC94B0062DE56 /* Frameworks */,
				1B513C8525DEC94B0062DE56 /* Resources */,
			);
			buildRules = (
			);
			dependencies = (
				1B513C8925DEC94B0062DE56 /* PBXTargetDependency */,
			);
			name = TodoTests;
			productName = TodoTests;
			productReference = 1B513C8725DEC94B0062DE56 /* TodoTests.xctest */;
			productType = "com.apple.product-type.bundle.unit-test";
		};
		1B513C9125DEC94B0062DE56 /* TodoUITests */ = {
			isa = PBXNativeTarget;
			buildConfigurationList = 1B513CA125DEC94B0062DE56 /* Build configuration list for PBXNativeTarget "TodoUITests" */;
			buildPhases = (
				589340FFF130CEAF46B6053A /* [CP] Check Pods Manifest.lock */,
				1B513C8E25DEC94B0062DE56 /* Sources */,
				1B513C8F25DEC94B0062DE56 /* Frameworks */,
				1B513C9025DEC94B0062DE56 /* Resources */,
				B27CFCF5002B895846CE2CBE /* [CP] Embed Pods Frameworks */,
			);
			buildRules = (
			);
			dependencies = (
				1B513C9425DEC94B0062DE56 /* PBXTargetDependency */,
			);
			name = TodoUITests;
			productName = TodoUITests;
			productReference = 1B513C9225DEC94B0062DE56 /* TodoUITests.xctest */;
			productType = "com.apple.product-type.bundle.ui-testing";
		};
/* End PBXNativeTarget section */

/* Begin PBXProject section */
		1B513C6E25DEC9480062DE56 /* Project object */ = {
			isa = PBXProject;
			attributes = {
				LastSwiftUpdateCheck = 1240;
				LastUpgradeCheck = 1240;
				TargetAttributes = {
					1B513C7525DEC9480062DE56 = {
						CreatedOnToolsVersion = 12.4;
					};
					1B513C8625DEC94B0062DE56 = {
						CreatedOnToolsVersion = 12.4;
						TestTargetID = 1B513C7525DEC9480062DE56;
					};
					1B513C9125DEC94B0062DE56 = {
						CreatedOnToolsVersion = 12.4;
						TestTargetID = 1B513C7525DEC9480062DE56;
					};
				};
			};
			buildConfigurationList = 1B513C7125DEC9480062DE56 /* Build configuration list for PBXProject "Todo" */;
			compatibilityVersion = "Xcode 9.3";
			developmentRegion = en;
			hasScannedForEncodings = 0;
			knownRegions = (
				en,
				Base,
			);
			mainGroup = 1B513C6D25DEC9480062DE56;
			productRefGroup = 1B513C7725DEC9480062DE56 /* Products */;
			projectDirPath = "";
			projectRoot = "";
			targets = (
				1B513C7525DEC9480062DE56 /* Todo */,
				1B513C8625DEC94B0062DE56 /* TodoTests */,
				1B513C9125DEC94B0062DE56 /* TodoUITests */,
			);
		};
/* End PBXProject section */

/* Begin PBXResourcesBuildPhase section */
		1B513C7425DEC9480062DE56 /* Resources */ = {
			isa = PBXResourcesBuildPhase;
			buildActionMask = 2147483647;
			files = (
				1B513C8125DEC94B0062DE56 /* Preview Assets.xcassets in Resources */,
				1B513C7E25DEC94B0062DE56 /* Assets.xcassets in Resources */,
				1B513CA825DEC9600062DE56 /* GoogleService-Info.plist in Resources */,
			);
			runOnlyForDeploymentPostprocessing = 0;
		};
		1B513C8525DEC94B0062DE56 /* Resources */ = {
			isa = PBXResourcesBuildPhase;
			buildActionMask = 2147483647;
			files = (
			);
			runOnlyForDeploymentPostprocessing = 0;
		};
		1B513C9025DEC94B0062DE56 /* Resources */ = {
			isa = PBXResourcesBuildPhase;
			buildActionMask = 2147483647;
			files = (
			);
			runOnlyForDeploymentPostprocessing = 0;
		};
/* End PBXResourcesBuildPhase section */

/* Begin PBXShellScriptBuildPhase section */
		30C90D0DD3198B1649842F83 /* [CP] Embed Pods Frameworks */ = {
			isa = PBXShellScriptBuildPhase;
			buildActionMask = 2147483647;
			files = (
			);
			inputFileListPaths = (
				"${PODS_ROOT}/Target Support Files/Pods-Todo/Pods-Todo-frameworks-${CONFIGURATION}-input-files.xcfilelist",
			);
			name = "[CP] Embed Pods Frameworks";
			outputFileListPaths = (
				"${PODS_ROOT}/Target Support Files/Pods-Todo/Pods-Todo-frameworks-${CONFIGURATION}-output-files.xcfilelist",
			);
			runOnlyForDeploymentPostprocessing = 0;
			shellPath = /bin/sh;
			shellScript = "\"${PODS_ROOT}/Target Support Files/Pods-Todo/Pods-Todo-frameworks.sh\"\n";
			showEnvVarsInLog = 0;
		};
		522708B46E98D94CC1291C49 /* [CP] Check Pods Manifest.lock */ = {
			isa = PBXShellScriptBuildPhase;
			buildActionMask = 2147483647;
			files = (
			);
			inputFileListPaths = (
			);
			inputPaths = (
				"${PODS_PODFILE_DIR_PATH}/Podfile.lock",
				"${PODS_ROOT}/Manifest.lock",
			);
			name = "[CP] Check Pods Manifest.lock";
			outputFileListPaths = (
			);
			outputPaths = (
				"$(DERIVED_FILE_DIR)/Pods-TodoTests-checkManifestLockResult.txt",
			);
			runOnlyForDeploymentPostprocessing = 0;
			shellPath = /bin/sh;
			shellScript = "diff \"${PODS_PODFILE_DIR_PATH}/Podfile.lock\" \"${PODS_ROOT}/Manifest.lock\" > /dev/null\nif [ $? != 0 ] ; then\n    # print error to STDERR\n    echo \"error: The sandbox is not in sync with the Podfile.lock. Run 'pod install' or update your CocoaPods installation.\" >&2\n    exit 1\nfi\n# This output is used by Xcode 'outputs' to avoid re-running this script phase.\necho \"SUCCESS\" > \"${SCRIPT_OUTPUT_FILE_0}\"\n";
			showEnvVarsInLog = 0;
		};
		589340FFF130CEAF46B6053A /* [CP] Check Pods Manifest.lock */ = {
			isa = PBXShellScriptBuildPhase;
			buildActionMask = 2147483647;
			files = (
			);
			inputFileListPaths = (
			);
			inputPaths = (
				"${PODS_PODFILE_DIR_PATH}/Podfile.lock",
				"${PODS_ROOT}/Manifest.lock",
			);
			name = "[CP] Check Pods Manifest.lock";
			outputFileListPaths = (
			);
			outputPaths = (
				"$(DERIVED_FILE_DIR)/Pods-Todo-TodoUITests-checkManifestLockResult.txt",
			);
			runOnlyForDeploymentPostprocessing = 0;
			shellPath = /bin/sh;
			shellScript = "diff \"${PODS_PODFILE_DIR_PATH}/Podfile.lock\" \"${PODS_ROOT}/Manifest.lock\" > /dev/null\nif [ $? != 0 ] ; then\n    # print error to STDERR\n    echo \"error: The sandbox is not in sync with the Podfile.lock. Run 'pod install' or update your CocoaPods installation.\" >&2\n    exit 1\nfi\n# This output is used by Xcode 'outputs' to avoid re-running this script phase.\necho \"SUCCESS\" > \"${SCRIPT_OUTPUT_FILE_0}\"\n";
			showEnvVarsInLog = 0;
		};
		B27CFCF5002B895846CE2CBE /* [CP] Embed Pods Frameworks */ = {
			isa = PBXShellScriptBuildPhase;
			buildActionMask = 2147483647;
			files = (
			);
			inputFileListPaths = (
				"${PODS_ROOT}/Target Support Files/Pods-Todo-TodoUITests/Pods-Todo-TodoUITests-frameworks-${CONFIGURATION}-input-files.xcfilelist",
			);
			name = "[CP] Embed Pods Frameworks";
			outputFileListPaths = (
				"${PODS_ROOT}/Target Support Files/Pods-Todo-TodoUITests/Pods-Todo-TodoUITests-frameworks-${CONFIGURATION}-output-files.xcfilelist",
			);
			runOnlyForDeploymentPostprocessing = 0;
			shellPath = /bin/sh;
			shellScript = "\"${PODS_ROOT}/Target Support Files/Pods-Todo-TodoUITests/Pods-Todo-TodoUITests-frameworks.sh\"\n";
			showEnvVarsInLog = 0;
		};
		C44088212C26DAB675AC8757 /* [CP] Check Pods Manifest.lock */ = {
			isa = PBXShellScriptBuildPhase;
			buildActionMask = 2147483647;
			files = (
			);
			inputFileListPaths = (
			);
			inputPaths = (
				"${PODS_PODFILE_DIR_PATH}/Podfile.lock",
				"${PODS_ROOT}/Manifest.lock",
			);
			name = "[CP] Check Pods Manifest.lock";
			outputFileListPaths = (
			);
			outputPaths = (
				"$(DERIVED_FILE_DIR)/Pods-Todo-checkManifestLockResult.txt",
			);
			runOnlyForDeploymentPostprocessing = 0;
			shellPath = /bin/sh;
			shellScript = "diff \"${PODS_PODFILE_DIR_PATH}/Podfile.lock\" \"${PODS_ROOT}/Manifest.lock\" > /dev/null\nif [ $? != 0 ] ; then\n    # print error to STDERR\n    echo \"error: The sandbox is not in sync with the Podfile.lock. Run 'pod install' or update your CocoaPods installation.\" >&2\n    exit 1\nfi\n# This output is used by Xcode 'outputs' to avoid re-running this script phase.\necho \"SUCCESS\" > \"${SCRIPT_OUTPUT_FILE_0}\"\n";
			showEnvVarsInLog = 0;
		};
/* End PBXShellScriptBuildPhase section */

/* Begin PBXSourcesBuildPhase section */
		1B513C7225DEC9480062DE56 /* Sources */ = {
			isa = PBXSourcesBuildPhase;
			buildActionMask = 2147483647;
			files = (
				1B901ABD25E1991B00485F5E /* CustomTextField.swift in Sources */,
				1BEAA11B25DED1F8001D33DA /* AppleSignIn.swift in Sources */,
				1B513C7C25DEC9480062DE56 /* ContentView.swift in Sources */,
				1BEAA19D25DF7C6A001D33DA /* Home.swift in Sources */,
				1BFF710C25E1770700AACD8B /* Models.swift in Sources */,
				1B513C7A25DEC9480062DE56 /* TodoApp.swift in Sources */,
				1BEAA19725DF7889001D33DA /* EmailPasswordSignIn.swift in Sources */,
			);
			runOnlyForDeploymentPostprocessing = 0;
		};
		1B513C8325DEC94B0062DE56 /* Sources */ = {
			isa = PBXSourcesBuildPhase;
			buildActionMask = 2147483647;
			files = (
				1B513C8C25DEC94B0062DE56 /* TodoTests.swift in Sources */,
			);
			runOnlyForDeploymentPostprocessing = 0;
		};
		1B513C8E25DEC94B0062DE56 /* Sources */ = {
			isa = PBXSourcesBuildPhase;
			buildActionMask = 2147483647;
			files = (
				1B513C9725DEC94B0062DE56 /* TodoUITests.swift in Sources */,
			);
			runOnlyForDeploymentPostprocessing = 0;
		};
/* End PBXSourcesBuildPhase section */

/* Begin PBXTargetDependency section */
		1B513C8925DEC94B0062DE56 /* PBXTargetDependency */ = {
			isa = PBXTargetDependency;
			target = 1B513C7525DEC9480062DE56 /* Todo */;
			targetProxy = 1B513C8825DEC94B0062DE56 /* PBXContainerItemProxy */;
		};
		1B513C9425DEC94B0062DE56 /* PBXTargetDependency */ = {
			isa = PBXTargetDependency;
			target = 1B513C7525DEC9480062DE56 /* Todo */;
			targetProxy = 1B513C9325DEC94B0062DE56 /* PBXContainerItemProxy */;
		};
/* End PBXTargetDependency section */

/* Begin XCBuildConfiguration section */
		1B513C9925DEC94B0062DE56 /* Debug */ = {
			isa = XCBuildConfiguration;
			buildSettings = {
				ALWAYS_SEARCH_USER_PATHS = NO;
				CLANG_ANALYZER_NONNULL = YES;
				CLANG_ANALYZER_NUMBER_OBJECT_CONVERSION = YES_AGGRESSIVE;
				CLANG_CXX_LANGUAGE_STANDARD = "gnu++14";
				CLANG_CXX_LIBRARY = "libc++";
				CLANG_ENABLE_MODULES = YES;
				CLANG_ENABLE_OBJC_ARC = YES;
				CLANG_ENABLE_OBJC_WEAK = YES;
				CLANG_WARN_BLOCK_CAPTURE_AUTORELEASING = YES;
				CLANG_WARN_BOOL_CONVERSION = YES;
				CLANG_WARN_COMMA = YES;
				CLANG_WARN_CONSTANT_CONVERSION = YES;
				CLANG_WARN_DEPRECATED_OBJC_IMPLEMENTATIONS = YES;
				CLANG_WARN_DIRECT_OBJC_ISA_USAGE = YES_ERROR;
				CLANG_WARN_DOCUMENTATION_COMMENTS = YES;
				CLANG_WARN_EMPTY_BODY = YES;
				CLANG_WARN_ENUM_CONVERSION = YES;
				CLANG_WARN_INFINITE_RECURSION = YES;
				CLANG_WARN_INT_CONVERSION = YES;
				CLANG_WARN_NON_LITERAL_NULL_CONVERSION = YES;
				CLANG_WARN_OBJC_IMPLICIT_RETAIN_SELF = YES;
				CLANG_WARN_OBJC_LITERAL_CONVERSION = YES;
				CLANG_WARN_OBJC_ROOT_CLASS = YES_ERROR;
				CLANG_WARN_QUOTED_INCLUDE_IN_FRAMEWORK_HEADER = YES;
				CLANG_WARN_RANGE_LOOP_ANALYSIS = YES;
				CLANG_WARN_STRICT_PROTOTYPES = YES;
				CLANG_WARN_SUSPICIOUS_MOVE = YES;
				CLANG_WARN_UNGUARDED_AVAILABILITY = YES_AGGRESSIVE;
				CLANG_WARN_UNREACHABLE_CODE = YES;
				CLANG_WARN__DUPLICATE_METHOD_MATCH = YES;
				COPY_PHASE_STRIP = NO;
				DEBUG_INFORMATION_FORMAT = dwarf;
				ENABLE_STRICT_OBJC_MSGSEND = YES;
				ENABLE_TESTABILITY = YES;
				GCC_C_LANGUAGE_STANDARD = gnu11;
				GCC_DYNAMIC_NO_PIC = NO;
				GCC_NO_COMMON_BLOCKS = YES;
				GCC_OPTIMIZATION_LEVEL = 0;
				GCC_PREPROCESSOR_DEFINITIONS = (
					"DEBUG=1",
					"$(inherited)",
				);
				GCC_WARN_64_TO_32_BIT_CONVERSION = YES;
				GCC_WARN_ABOUT_RETURN_TYPE = YES_ERROR;
				GCC_WARN_UNDECLARED_SELECTOR = YES;
				GCC_WARN_UNINITIALIZED_AUTOS = YES_AGGRESSIVE;
				GCC_WARN_UNUSED_FUNCTION = YES;
				GCC_WARN_UNUSED_VARIABLE = YES;
				IPHONEOS_DEPLOYMENT_TARGET = 14.4;
				MTL_ENABLE_DEBUG_INFO = INCLUDE_SOURCE;
				MTL_FAST_MATH = YES;
				ONLY_ACTIVE_ARCH = YES;
				SDKROOT = iphoneos;
				SWIFT_ACTIVE_COMPILATION_CONDITIONS = DEBUG;
				SWIFT_OPTIMIZATION_LEVEL = "-Onone";
			};
			name = Debug;
		};
		1B513C9A25DEC94B0062DE56 /* Release */ = {
			isa = XCBuildConfiguration;
			buildSettings = {
				ALWAYS_SEARCH_USER_PATHS = NO;
				CLANG_ANALYZER_NONNULL = YES;
				CLANG_ANALYZER_NUMBER_OBJECT_CONVERSION = YES_AGGRESSIVE;
				CLANG_CXX_LANGUAGE_STANDARD = "gnu++14";
				CLANG_CXX_LIBRARY = "libc++";
				CLANG_ENABLE_MODULES = YES;
				CLANG_ENABLE_OBJC_ARC = YES;
				CLANG_ENABLE_OBJC_WEAK = YES;
				CLANG_WARN_BLOCK_CAPTURE_AUTORELEASING = YES;
				CLANG_WARN_BOOL_CONVERSION = YES;
				CLANG_WARN_COMMA = YES;
				CLANG_WARN_CONSTANT_CONVERSION = YES;
				CLANG_WARN_DEPRECATED_OBJC_IMPLEMENTATIONS = YES;
				CLANG_WARN_DIRECT_OBJC_ISA_USAGE = YES_ERROR;
				CLANG_WARN_DOCUMENTATION_COMMENTS = YES;
				CLANG_WARN_EMPTY_BODY = YES;
				CLANG_WARN_ENUM_CONVERSION = YES;
				CLANG_WARN_INFINITE_RECURSION = YES;
				CLANG_WARN_INT_CONVERSION = YES;
				CLANG_WARN_NON_LITERAL_NULL_CONVERSION = YES;
				CLANG_WARN_OBJC_IMPLICIT_RETAIN_SELF = YES;
				CLANG_WARN_OBJC_LITERAL_CONVERSION = YES;
				CLANG_WARN_OBJC_ROOT_CLASS = YES_ERROR;
				CLANG_WARN_QUOTED_INCLUDE_IN_FRAMEWORK_HEADER = YES;
				CLANG_WARN_RANGE_LOOP_ANALYSIS = YES;
				CLANG_WARN_STRICT_PROTOTYPES = YES;
				CLANG_WARN_SUSPICIOUS_MOVE = YES;
				CLANG_WARN_UNGUARDED_AVAILABILITY = YES_AGGRESSIVE;
				CLANG_WARN_UNREACHABLE_CODE = YES;
				CLANG_WARN__DUPLICATE_METHOD_MATCH = YES;
				COPY_PHASE_STRIP = NO;
				DEBUG_INFORMATION_FORMAT = "dwarf-with-dsym";
				ENABLE_NS_ASSERTIONS = NO;
				ENABLE_STRICT_OBJC_MSGSEND = YES;
				GCC_C_LANGUAGE_STANDARD = gnu11;
				GCC_NO_COMMON_BLOCKS = YES;
				GCC_WARN_64_TO_32_BIT_CONVERSION = YES;
				GCC_WARN_ABOUT_RETURN_TYPE = YES_ERROR;
				GCC_WARN_UNDECLARED_SELECTOR = YES;
				GCC_WARN_UNINITIALIZED_AUTOS = YES_AGGRESSIVE;
				GCC_WARN_UNUSED_FUNCTION = YES;
				GCC_WARN_UNUSED_VARIABLE = YES;
				IPHONEOS_DEPLOYMENT_TARGET = 14.4;
				MTL_ENABLE_DEBUG_INFO = NO;
				MTL_FAST_MATH = YES;
				SDKROOT = iphoneos;
				SWIFT_COMPILATION_MODE = wholemodule;
				SWIFT_OPTIMIZATION_LEVEL = "-O";
				VALIDATE_PRODUCT = YES;
			};
			name = Release;
		};
		1B513C9C25DEC94B0062DE56 /* Debug */ = {
			isa = XCBuildConfiguration;
			baseConfigurationReference = 229C55A92F256F0ECFEEF962 /* Pods-Todo.debug.xcconfig */;
			buildSettings = {
				ASSETCATALOG_COMPILER_APPICON_NAME = AppIcon;
				ASSETCATALOG_COMPILER_GLOBAL_ACCENT_COLOR_NAME = AccentColor;
				CODE_SIGN_ENTITLEMENTS = Todo/Todo.entitlements;
				CODE_SIGN_STYLE = Automatic;
				DEVELOPMENT_ASSET_PATHS = "\"Todo/Preview Content\"";
				ENABLE_PREVIEWS = YES;
				INFOPLIST_FILE = Todo/Info.plist;
				IPHONEOS_DEPLOYMENT_TARGET = 14.0;
				LD_RUNPATH_SEARCH_PATHS = (
					"$(inherited)",
					"@executable_path/Frameworks",
				);
				PRODUCT_BUNDLE_IDENTIFIER = Vinh.Todo;
				PRODUCT_NAME = "$(TARGET_NAME)";
				SWIFT_VERSION = 5.0;
				TARGETED_DEVICE_FAMILY = "1,2";
			};
			name = Debug;
		};
		1B513C9D25DEC94B0062DE56 /* Release */ = {
			isa = XCBuildConfiguration;
			baseConfigurationReference = 833484586E647B7CD2844DB1 /* Pods-Todo.release.xcconfig */;
			buildSettings = {
				ASSETCATALOG_COMPILER_APPICON_NAME = AppIcon;
				ASSETCATALOG_COMPILER_GLOBAL_ACCENT_COLOR_NAME = AccentColor;
				CODE_SIGN_ENTITLEMENTS = Todo/Todo.entitlements;
				CODE_SIGN_STYLE = Automatic;
				DEVELOPMENT_ASSET_PATHS = "\"Todo/Preview Content\"";
				ENABLE_PREVIEWS = YES;
				INFOPLIST_FILE = Todo/Info.plist;
				IPHONEOS_DEPLOYMENT_TARGET = 14.0;
				LD_RUNPATH_SEARCH_PATHS = (
					"$(inherited)",
					"@executable_path/Frameworks",
				);
				PRODUCT_BUNDLE_IDENTIFIER = Vinh.Todo;
				PRODUCT_NAME = "$(TARGET_NAME)";
				SWIFT_VERSION = 5.0;
				TARGETED_DEVICE_FAMILY = "1,2";
			};
			name = Release;
		};
		1B513C9F25DEC94B0062DE56 /* Debug */ = {
			isa = XCBuildConfiguration;
			baseConfigurationReference = 4F2D8E22AD684AF836CD8249 /* Pods-TodoTests.debug.xcconfig */;
			buildSettings = {
				ALWAYS_EMBED_SWIFT_STANDARD_LIBRARIES = YES;
				BUNDLE_LOADER = "$(TEST_HOST)";
				CODE_SIGN_STYLE = Automatic;
				INFOPLIST_FILE = TodoTests/Info.plist;
				IPHONEOS_DEPLOYMENT_TARGET = 14.0;
				LD_RUNPATH_SEARCH_PATHS = (
					"$(inherited)",
					"@executable_path/Frameworks",
					"@loader_path/Frameworks",
				);
				PRODUCT_BUNDLE_IDENTIFIER = vinhlee95.TodoTests;
				PRODUCT_NAME = "$(TARGET_NAME)";
				SWIFT_VERSION = 5.0;
				TARGETED_DEVICE_FAMILY = "1,2";
				TEST_HOST = "$(BUILT_PRODUCTS_DIR)/Todo.app/Todo";
			};
			name = Debug;
		};
		1B513CA025DEC94B0062DE56 /* Release */ = {
			isa = XCBuildConfiguration;
			baseConfigurationReference = AA138EA0F41DCC818120E047 /* Pods-TodoTests.release.xcconfig */;
			buildSettings = {
				ALWAYS_EMBED_SWIFT_STANDARD_LIBRARIES = YES;
				BUNDLE_LOADER = "$(TEST_HOST)";
				CODE_SIGN_STYLE = Automatic;
				INFOPLIST_FILE = TodoTests/Info.plist;
				IPHONEOS_DEPLOYMENT_TARGET = 14.0;
				LD_RUNPATH_SEARCH_PATHS = (
					"$(inherited)",
					"@executable_path/Frameworks",
					"@loader_path/Frameworks",
				);
				PRODUCT_BUNDLE_IDENTIFIER = vinhlee95.TodoTests;
				PRODUCT_NAME = "$(TARGET_NAME)";
				SWIFT_VERSION = 5.0;
				TARGETED_DEVICE_FAMILY = "1,2";
				TEST_HOST = "$(BUILT_PRODUCTS_DIR)/Todo.app/Todo";
			};
			name = Release;
		};
		1B513CA225DEC94B0062DE56 /* Debug */ = {
			isa = XCBuildConfiguration;
			baseConfigurationReference = 66EC09C72F3202BFF820BFE7 /* Pods-Todo-TodoUITests.debug.xcconfig */;
			buildSettings = {
				ALWAYS_EMBED_SWIFT_STANDARD_LIBRARIES = YES;
				CODE_SIGN_STYLE = Automatic;
				INFOPLIST_FILE = TodoUITests/Info.plist;
				LD_RUNPATH_SEARCH_PATHS = (
					"$(inherited)",
					"@executable_path/Frameworks",
					"@loader_path/Frameworks",
				);
				PRODUCT_BUNDLE_IDENTIFIER = vinhlee95.TodoUITests;
				PRODUCT_NAME = "$(TARGET_NAME)";
				SWIFT_VERSION = 5.0;
				TARGETED_DEVICE_FAMILY = "1,2";
				TEST_TARGET_NAME = Todo;
			};
			name = Debug;
		};
		1B513CA325DEC94B0062DE56 /* Release */ = {
			isa = XCBuildConfiguration;
			baseConfigurationReference = F0CA6D4D9A1DD825002628A1 /* Pods-Todo-TodoUITests.release.xcconfig */;
			buildSettings = {
				ALWAYS_EMBED_SWIFT_STANDARD_LIBRARIES = YES;
				CODE_SIGN_STYLE = Automatic;
				INFOPLIST_FILE = TodoUITests/Info.plist;
				LD_RUNPATH_SEARCH_PATHS = (
					"$(inherited)",
					"@executable_path/Frameworks",
					"@loader_path/Frameworks",
				);
				PRODUCT_BUNDLE_IDENTIFIER = vinhlee95.TodoUITests;
				PRODUCT_NAME = "$(TARGET_NAME)";
				SWIFT_VERSION = 5.0;
				TARGETED_DEVICE_FAMILY = "1,2";
				TEST_TARGET_NAME = Todo;
			};
			name = Release;
		};
/* End XCBuildConfiguration section */

/* Begin XCConfigurationList section */
		1B513C7125DEC9480062DE56 /* Build configuration list for PBXProject "Todo" */ = {
			isa = XCConfigurationList;
			buildConfigurations = (
				1B513C9925DEC94B0062DE56 /* Debug */,
				1B513C9A25DEC94B0062DE56 /* Release */,
			);
			defaultConfigurationIsVisible = 0;
			defaultConfigurationName = Release;
		};
		1B513C9B25DEC94B0062DE56 /* Build configuration list for PBXNativeTarget "Todo" */ = {
			isa = XCConfigurationList;
			buildConfigurations = (
				1B513C9C25DEC94B0062DE56 /* Debug */,
				1B513C9D25DEC94B0062DE56 /* Release */,
			);
			defaultConfigurationIsVisible = 0;
			defaultConfigurationName = Release;
		};
		1B513C9E25DEC94B0062DE56 /* Build configuration list for PBXNativeTarget "TodoTests" */ = {
			isa = XCConfigurationList;
			buildConfigurations = (
				1B513C9F25DEC94B0062DE56 /* Debug */,
				1B513CA025DEC94B0062DE56 /* Release */,
			);
			defaultConfigurationIsVisible = 0;
			defaultConfigurationName = Release;
		};
		1B513CA125DEC94B0062DE56 /* Build configuration list for PBXNativeTarget "TodoUITests" */ = {
			isa = XCConfigurationList;
			buildConfigurations = (
				1B513CA225DEC94B0062DE56 /* Debug */,
				1B513CA325DEC94B0062DE56 /* Release */,
			);
			defaultConfigurationIsVisible = 0;
			defaultConfigurationName = Release;
		};
/* End XCConfigurationList section */
	};
	rootObject = 1B513C6E25DEC9480062DE56 /* Project object */;
}
